
Microsoft Visual Studio Solution File, Format Version 12.00
# Visual Studio Version 16
VisualStudioVersion = 16.0.30114.105
MinimumVisualStudioVersion = 10.0.40219.1
Project("{FAE04EC0-301F-11D3-BF4B-00C04F79EFBC}") = "Presentation", "Presentation\Presentation.csproj", "{323D30DE-A7F0-49F8-9BE5-5CE9E33236EE}"
EndProject
Project("{FAE04EC0-301F-11D3-BF4B-00C04F79EFBC}") = "Application", "Application\Application.csproj", "{314CEEDD-081C-475E-BC8E-B542BD185986}"
EndProject
Project("{FAE04EC0-301F-11D3-BF4B-00C04F79EFBC}") = "Domain", "Domain\Domain.csproj", "{29594094-D2A3-44C2-86B6-55F625F877CD}"
EndProject
Project("{FAE04EC0-301F-11D3-BF4B-00C04F79EFBC}") = "Infra.Data", "Infra.Data\Infra.Data.csproj", "{7852EFBB-70B0-4032-8BD5-A497DF33B1F2}"
EndProject
Global
	GlobalSection(SolutionConfigurationPlatforms) = preSolution
		Debug|Any CPU = Debug|Any CPU
		Release|Any CPU = Release|Any CPU
	EndGlobalSection
	GlobalSection(SolutionProperties) = preSolution
		HideSolutionNode = FALSE
	EndGlobalSection
	GlobalSection(ProjectConfigurationPlatforms) = postSolution
		{323D30DE-A7F0-49F8-9BE5-5CE9E33236EE}.Debug|Any CPU.ActiveCfg = Debug|Any CPU
		{323D30DE-A7F0-49F8-9BE5-5CE9E33236EE}.Debug|Any CPU.Build.0 = Debug|Any CPU
		{323D30DE-A7F0-49F8-9BE5-5CE9E33236EE}.Release|Any CPU.ActiveCfg = Release|Any CPU
		{323D30DE-A7F0-49F8-9BE5-5CE9E33236EE}.Release|Any CPU.Build.0 = Release|Any CPU
		{314CEEDD-081C-475E-BC8E-B542BD185986}.Debug|Any CPU.ActiveCfg = Debug|Any CPU
		{314CEEDD-081C-475E-BC8E-B542BD185986}.Debug|Any CPU.Build.0 = Debug|Any CPU
		{314CEEDD-081C-475E-BC8E-B542BD185986}.Release|Any CPU.ActiveCfg = Release|Any CPU
		{314CEEDD-081C-475E-BC8E-B542BD185986}.Release|Any CPU.Build.0 = Release|Any CPU
		{29594094-D2A3-44C2-86B6-55F625F877CD}.Debug|Any CPU.ActiveCfg = Debug|Any CPU
		{29594094-D2A3-44C2-86B6-55F625F877CD}.Debug|Any CPU.Build.0 = Debug|Any CPU
		{29594094-D2A3-44C2-86B6-55F625F877CD}.Release|Any CPU.ActiveCfg = Release|Any CPU
		{29594094-D2A3-44C2-86B6-55F625F877CD}.Release|Any CPU.Build.0 = Release|Any CPU
		{7852EFBB-70B0-4032-8BD5-A497DF33B1F2}.Debug|Any CPU.ActiveCfg = Debug|Any CPU
		{7852EFBB-70B0-4032-8BD5-A497DF33B1F2}.Debug|Any CPU.Build.0 = Debug|Any CPU
		{7852EFBB-70B0-4032-8BD5-A497DF33B1F2}.Release|Any CPU.ActiveCfg = Release|Any CPU
		{7852EFBB-70B0-4032-8BD5-A497DF33B1F2}.Release|Any CPU.Build.0 = Release|Any CPU
	EndGlobalSection
EndGlobal
